
Microsoft Visual Studio Solution File, Format Version 12.00
# Visual Studio Version 17
VisualStudioVersion = 17.14.36212.18
MinimumVisualStudioVersion = 10.0.40219.1
Project("{FAE04EC0-301F-11D3-BF4B-00C04F79EFBC}") = "GuitarStore", "GuitarStore\GuitarStore.csproj", "{1B521570-BF07-45DF-BA01-0B93FB8C4C38}"
EndProject
Global
	GlobalSection(SolutionConfigurationPlatforms) = preSolution
		Debug|Any CPU = Debug|Any CPU
		Release|Any CPU = Release|Any CPU
	EndGlobalSection
	GlobalSection(ProjectConfigurationPlatforms) = postSolution
		{1B521570-BF07-45DF-BA01-0B93FB8C4C38}.Debug|Any CPU.ActiveCfg = Debug|Any CPU
		{1B521570-BF07-45DF-BA01-0B93FB8C4C38}.Debug|Any CPU.Build.0 = Debug|Any CPU
		{1B521570-BF07-45DF-BA01-0B93FB8C4C38}.Release|Any CPU.ActiveCfg = Release|Any CPU
		{1B521570-BF07-45DF-BA01-0B93FB8C4C38}.Release|Any CPU.Build.0 = Release|Any CPU
	EndGlobalSection
	GlobalSection(SolutionProperties) = preSolution
		HideSolutionNode = FALSE
	EndGlobalSection
	GlobalSection(ExtensibilityGlobals) = postSolution
		SolutionGuid = {E7FE9E4A-BDF4-481B-83E4-88888BF4770C}
	EndGlobalSection
EndGlobal
